
Microsoft Visual Studio Solution File, Format Version 12.00
# Visual Studio 15
VisualStudioVersion = 15.0.26730.10
MinimumVisualStudioVersion = 10.0.40219.1
Project("{9A19103F-16F7-4668-BE54-9A1E7A4F7556}") = "Wikiled.Survey", "Survey\Wikiled.Survey.csproj", "{3CD1C1F9-3B35-48F7-B61B-C13498F85561}"
EndProject
Global
	GlobalSection(SolutionConfigurationPlatforms) = preSolution
		Debug|Any CPU = Debug|Any CPU
		Release|Any CPU = Release|Any CPU
	EndGlobalSection
	GlobalSection(ProjectConfigurationPlatforms) = postSolution
		{3CD1C1F9-3B35-48F7-B61B-C13498F85561}.Debug|Any CPU.ActiveCfg = Debug|Any CPU
		{3CD1C1F9-3B35-48F7-B61B-C13498F85561}.Debug|Any CPU.Build.0 = Debug|Any CPU
		{3CD1C1F9-3B35-48F7-B61B-C13498F85561}.Release|Any CPU.ActiveCfg = Release|Any CPU
		{3CD1C1F9-3B35-48F7-B61B-C13498F85561}.Release|Any CPU.Build.0 = Release|Any CPU
	EndGlobalSection
	GlobalSection(SolutionProperties) = preSolution
		HideSolutionNode = FALSE
	EndGlobalSection
	GlobalSection(ExtensibilityGlobals) = postSolution
		SolutionGuid = {15856769-B8EC-4047-B862-AED97C98A7C3}
	EndGlobalSection
EndGlobal
